# Code generated by scarb DO NOT EDIT.
version = 1

[[package]]
name = "kill_switch"
version = "0.1.0"
source = "git+https://github.com/starknet-edu/kill-switch.git#496ac3024ddf93a85c9caf81dced69e0193efef8"

[[package]]
name = "openzeppelin"
version = "0.8.0"
source = "git+https://github.com/OpenZeppelin/cairo-contracts.git?tag=v0.8.0#c23e8e96de60e6e3159b1ff8591a1187269c0eb7"

[[package]]
name = "ownable"
version = "0.1.0"
dependencies = [
 "kill_switch",
 "openzeppelin",
 "snforge_std",
]

[[package]]
name = "snforge_std"
version = "0.14.0"
source = "git+https://github.com/foundry-rs/starknet-foundry.git?tag=v0.14.0#e8cbecee4e31ed428c76d5173eaa90c8df796fe3"
